
Microsoft Visual Studio Solution File, Format Version 12.00
# Visual Studio Version 16
VisualStudioVersion = 16.0.31410.357
MinimumVisualStudioVersion = 10.0.40219.1
Project("{9A19103F-16F7-4668-BE54-9A1E7A4F7556}") = "AutoTrader", "AutoTrader\AutoTrader.csproj", "{78112A22-8EEC-4371-8168-DBD5D4CC0F98}"
EndProject
Project("{FAE04EC0-301F-11D3-BF4B-00C04F79EFBC}") = "AutoTraderTests", "AutoTraderTests\AutoTraderTests.csproj", "{228157E2-72A3-47AD-8DE6-12E7D50BA901}"
EndProject
Global
	GlobalSection(SolutionConfigurationPlatforms) = preSolution
		Debug|Any CPU = Debug|Any CPU
		Release|Any CPU = Release|Any CPU
	EndGlobalSection
	GlobalSection(ProjectConfigurationPlatforms) = postSolution
		{78112A22-8EEC-4371-8168-DBD5D4CC0F98}.Debug|Any CPU.ActiveCfg = Debug|Any CPU
		{78112A22-8EEC-4371-8168-DBD5D4CC0F98}.Debug|Any CPU.Build.0 = Debug|Any CPU
		{78112A22-8EEC-4371-8168-DBD5D4CC0F98}.Release|Any CPU.ActiveCfg = Release|Any CPU
		{78112A22-8EEC-4371-8168-DBD5D4CC0F98}.Release|Any CPU.Build.0 = Release|Any CPU
		{228157E2-72A3-47AD-8DE6-12E7D50BA901}.Debug|Any CPU.ActiveCfg = Debug|Any CPU
		{228157E2-72A3-47AD-8DE6-12E7D50BA901}.Debug|Any CPU.Build.0 = Debug|Any CPU
		{228157E2-72A3-47AD-8DE6-12E7D50BA901}.Release|Any CPU.ActiveCfg = Release|Any CPU
		{228157E2-72A3-47AD-8DE6-12E7D50BA901}.Release|Any CPU.Build.0 = Release|Any CPU
	EndGlobalSection
	GlobalSection(SolutionProperties) = preSolution
		HideSolutionNode = FALSE
	EndGlobalSection
	GlobalSection(ExtensibilityGlobals) = postSolution
		SolutionGuid = {2DD27AA9-E842-417B-9974-A5DC4AC34B9C}
	EndGlobalSection
EndGlobal
